
Microsoft Visual Studio Solution File, Format Version 12.00
# Visual Studio 15
VisualStudioVersion = 15.0.28307.1062
MinimumVisualStudioVersion = 10.0.40219.1
Project("{FAE04EC0-301F-11D3-BF4B-00C04F79EFBC}") = "CodeFirst_Start", "CodeFirst_Start\CodeFirst_Start.csproj", "{05550F3A-94A4-4CDA-990E-D4F7CA88BA4C}"
EndProject
Project("{FAE04EC0-301F-11D3-BF4B-00C04F79EFBC}") = "EF_Migration", "EF_Migration\EF_Migration.csproj", "{1E5BD097-2410-4D45-B5E6-B80CF31E7686}"
EndProject
Project("{FAE04EC0-301F-11D3-BF4B-00C04F79EFBC}") = "DataBaseFirst", "..\..\Database First\DataBaseFirstApproach\DataBaseFirst\DataBaseFirst.csproj", "{63D651D3-0F69-42B4-A303-CF1FFC09CCFD}"
EndProject
Project("{FAE04EC0-301F-11D3-BF4B-00C04F79EFBC}") = "ModelFirst", "..\..\ModelFirst\ModelFirstApproach\ClassData\ModelFirst.csproj", "{636AEA6A-613B-4AED-A3F6-9E18984CA3B1}"
EndProject
Global
	GlobalSection(SolutionConfigurationPlatforms) = preSolution
		Debug|Any CPU = Debug|Any CPU
		Release|Any CPU = Release|Any CPU
	EndGlobalSection
	GlobalSection(ProjectConfigurationPlatforms) = postSolution
		{05550F3A-94A4-4CDA-990E-D4F7CA88BA4C}.Debug|Any CPU.ActiveCfg = Debug|Any CPU
		{05550F3A-94A4-4CDA-990E-D4F7CA88BA4C}.Debug|Any CPU.Build.0 = Debug|Any CPU
		{05550F3A-94A4-4CDA-990E-D4F7CA88BA4C}.Release|Any CPU.ActiveCfg = Release|Any CPU
		{05550F3A-94A4-4CDA-990E-D4F7CA88BA4C}.Release|Any CPU.Build.0 = Release|Any CPU
		{1E5BD097-2410-4D45-B5E6-B80CF31E7686}.Debug|Any CPU.ActiveCfg = Debug|Any CPU
		{1E5BD097-2410-4D45-B5E6-B80CF31E7686}.Debug|Any CPU.Build.0 = Debug|Any CPU
		{1E5BD097-2410-4D45-B5E6-B80CF31E7686}.Release|Any CPU.ActiveCfg = Release|Any CPU
		{1E5BD097-2410-4D45-B5E6-B80CF31E7686}.Release|Any CPU.Build.0 = Release|Any CPU
		{63D651D3-0F69-42B4-A303-CF1FFC09CCFD}.Debug|Any CPU.ActiveCfg = Debug|Any CPU
		{63D651D3-0F69-42B4-A303-CF1FFC09CCFD}.Debug|Any CPU.Build.0 = Debug|Any CPU
		{63D651D3-0F69-42B4-A303-CF1FFC09CCFD}.Release|Any CPU.ActiveCfg = Release|Any CPU
		{63D651D3-0F69-42B4-A303-CF1FFC09CCFD}.Release|Any CPU.Build.0 = Release|Any CPU
		{636AEA6A-613B-4AED-A3F6-9E18984CA3B1}.Debug|Any CPU.ActiveCfg = Debug|Any CPU
		{636AEA6A-613B-4AED-A3F6-9E18984CA3B1}.Debug|Any CPU.Build.0 = Debug|Any CPU
		{636AEA6A-613B-4AED-A3F6-9E18984CA3B1}.Release|Any CPU.ActiveCfg = Release|Any CPU
		{636AEA6A-613B-4AED-A3F6-9E18984CA3B1}.Release|Any CPU.Build.0 = Release|Any CPU
	EndGlobalSection
	GlobalSection(SolutionProperties) = preSolution
		HideSolutionNode = FALSE
	EndGlobalSection
	GlobalSection(ExtensibilityGlobals) = postSolution
		SolutionGuid = {819EC6B0-5153-49DA-A1E3-FB34ACF12121}
	EndGlobalSection
EndGlobal
